#
# This file is autogenerated by pip-compile with Python 3.13
# by the following command:
#
#    pip-compile --generate-hashes --output-file=requirements-dev.lock requirements-dev.txt
#
anyio==4.13.0 \
    --hash=sha256:08b310f9e24a9594186fd75b4f73f4a4152069e3853f1ed8bfbf58369f4ad708 \
    --hash=sha256:334b70e641fd2221c1505b3890c69882fe4a2df910cba14d97019b90b24439dc
    # via httpx
black==26.3.1 \
    --hash=sha256:0126ae5b7c09957da2bdbd91a9ba1207453feada9e9fe51992848658c6c8e01c \
    --hash=sha256:0f76ff19ec5297dd8e66eb64deda23631e642c9393ab592826fd4bdc97a4bce7 \
    --hash=sha256:28ef38aee69e4b12fda8dba75e21f9b4f979b490c8ac0baa7cb505369ac9e1ff \
    --hash=sha256:2bd5aa94fc267d38bb21a70d7410a89f1a1d318841855f698746f8e7f51acd1b \
    --hash=sha256:2c50f5063a9641c7eed7795014ba37b0f5fa227f3d408b968936e24bc0566b07 \
    --hash=sha256:2d6bfaf7fd0993b420bed691f20f9492d53ce9a2bcccea4b797d34e947318a78 \
    --hash=sha256:41cd2012d35b47d589cb8a16faf8a32ef7a336f56356babd9fcf70939ad1897f \
    --hash=sha256:474c27574d6d7037c1bc875a81d9be0a9a4f9ee95e62800dab3cfaadbf75acd5 \
    --hash=sha256:5602bdb96d52d2d0672f24f6ffe5218795736dd34807fd0fd55ccd6bf206168b \
    --hash=sha256:5e9d0d86df21f2e1677cc4bd090cd0e446278bcbbe49bf3659c308c3e402843e \
    --hash=sha256:5ed0ca58586c8d9a487352a96b15272b7fa55d139fc8496b519e78023a8dab0a \
    --hash=sha256:6c54a4a82e291a1fee5137371ab488866b7c86a3305af4026bdd4dc78642e1ac \
    --hash=sha256:6e131579c243c98f35bce64a7e08e87fb2d610544754675d4a0e73a070a5aa3a \
    --hash=sha256:855822d90f884905362f602880ed8b5df1b7e3ee7d0db2502d4388a954cc8c54 \
    --hash=sha256:86a8b5035fce64f5dcd1b794cf8ec4d31fe458cf6ce3986a30deb434df82a1d2 \
    --hash=sha256:8a33d657f3276328ce00e4d37fe70361e1ec7614da5d7b6e78de5426cb56332f \
    --hash=sha256:92c0ec1f2cc149551a2b7b47efc32c866406b6891b0ee4625e95967c8f4acfb1 \
    --hash=sha256:9a5e9f45e5d5e1c5b5c29b3bd4265dcc90e8b92cf4534520896ed77f791f4da5 \
    --hash=sha256:afc622538b430aa4c8c853f7f63bc582b3b8030fd8c80b70fb5fa5b834e575c2 \
    --hash=sha256:b07fc0dab849d24a80a29cfab8d8a19187d1c4685d8a5e6385a5ce323c1f015f \
    --hash=sha256:b5e6f89631eb88a7302d416594a32faeee9fb8fb848290da9d0a5f2903519fc1 \
    --hash=sha256:bf9bf162ed91a26f1adba8efda0b573bc6924ec1408a52cc6f82cb73ec2b142c \
    --hash=sha256:c7e72339f841b5a237ff14f7d3880ddd0fc7f98a1199e8c4327f9a4f478c1839 \
    --hash=sha256:ddb113db38838eb9f043623ba274cfaf7d51d5b0c22ecb30afe58b1bb8322983 \
    --hash=sha256:dfdd51fc3e64ea4f35873d1b3fb25326773d55d2329ff8449139ebaad7357efb \
    --hash=sha256:f1cd08e99d2f9317292a311dfe578fd2a24b15dbce97792f9c4d752275c1fa56 \
    --hash=sha256:f89f2ab047c76a9c03f78d0d66ca519e389519902fa27e7a91117ef7611c0568
    # via -r requirements-dev.txt
certifi==2026.4.22 \
    --hash=sha256:3cb2210c8f88ba2318d29b0388d1023c8492ff72ecdde4ebdaddbb13a31b1c4a \
    --hash=sha256:8d455352a37b71bf76a79caa83a3d6c25afee4a385d632127b6afb3963f1c580
    # via
    #   httpcore
    #   httpx
click==8.3.3 \
    --hash=sha256:398329ad4837b2ff7cbe1dd166a4c0f8900c3ca3a218de04466f38f6497f18a2 \
    --hash=sha256:a2bf429bb3033c89fa4936ffb35d5cb471e3719e1f3c8a7c3fff0b8314305613
    # via black
colorama==0.4.6 \
    --hash=sha256:08695f5cb7ed6e0531a20572697297273c47b8cae5a63ffc6d6ed5c201be6e44 \
    --hash=sha256:4f1d9991f5acc0ca119f9d443620b77f9d6b33703e51011c16baf57afb285fc6
    # via
    #   click
    #   pytest
h11==0.16.0 \
    --hash=sha256:4e35b956cf45792e4caa5885e69fba00bdbc6ffafbfa020300e549b208ee5ff1 \
    --hash=sha256:63cf8bbe7522de3bf65932fda1d9c2772064ffb3dae62d55932da54b31cb6c86
    # via httpcore
httpcore==1.0.9 \
    --hash=sha256:2d400746a40668fc9dec9810239072b40b4484b640a8c38fd654a024c7a1bf55 \
    --hash=sha256:6e34463af53fd2ab5d807f399a9b45ea31c3dfa2276f15a2c3f00afff6e176e8
    # via httpx
httpx==0.27.2 \
    --hash=sha256:7bb2708e112d8fdd7829cd4243970f0c223274051cb35ee80c03301ee29a3df0 \
    --hash=sha256:f7c2be1d2f3c3c3160d441802406b206c2b76f5947b11115e6df10c6c65e66c2
    # via -r requirements-dev.txt
idna==3.13 \
    --hash=sha256:585ea8fe5d69b9181ec1afba340451fba6ba764af97026f92a91d4eef164a242 \
    --hash=sha256:892ea0cde124a99ce773decba204c5552b69c3c67ffd5f232eb7696135bc8bb3
    # via
    #   anyio
    #   httpx
iniconfig==2.3.0 \
    --hash=sha256:c76315c77db068650d49c5b56314774a7804df16fee4402c1f19d6d15d8c4730 \
    --hash=sha256:f631c04d2c48c52b84d0d0549c99ff3859c98df65b3101406327ecc7d53fbf12
    # via pytest
mypy-extensions==1.1.0 \
    --hash=sha256:1be4cccdb0f2482337c4743e60421de3a356cd97508abadd57d47403e94f5505 \
    --hash=sha256:52e68efc3284861e772bbcd66823fde5ae21fd2fdb51c62a211403730b916558
    # via black
packaging==26.2 \
    --hash=sha256:5fc45236b9446107ff2415ce77c807cee2862cb6fac22b8a73826d0693b0980e \
    --hash=sha256:ff452ff5a3e828ce110190feff1178bb1f2ea2281fa2075aadb987c2fb221661
    # via
    #   black
    #   pytest
pathspec==1.1.1 \
    --hash=sha256:17db5ecd524104a120e173814c90367a96a98d07c45b2e10c2f3919fff91bf5a \
    --hash=sha256:a00ce642f577bf7f473932318056212bc4f8bfdf53128c78bbd5af0b9b20b189
    # via black
platformdirs==4.9.6 \
    --hash=sha256:3bfa75b0ad0db84096ae777218481852c0ebc6c727b3168c1b9e0118e458cf0a \
    --hash=sha256:e61adb1d5e5cb3441b4b7710bea7e4c12250ca49439228cc1021c00dcfac0917
    # via black
pluggy==1.6.0 \
    --hash=sha256:7dcc130b76258d33b90f61b658791dede3486c3e6bfb003ee5c9bfb396dd22f3 \
    --hash=sha256:e920276dd6813095e9377c0bc5566d94c932c33b27a3e3945d8389c374dd4746
    # via pytest
pytest==8.3.3 \
    --hash=sha256:70b98107bd648308a7952b06e6ca9a50bc660be218d53c257cc1fc94fda10181 \
    --hash=sha256:a6853c7375b2663155079443d2e45de913a911a11d669df02a50814944db57b2
    # via
    #   -r requirements-dev.txt
    #   pytest-asyncio
pytest-asyncio==0.24.0 \
    --hash=sha256:a811296ed596b69bf0b6f3dc40f83bcaf341b155a269052d82efa2b25ac7037b \
    --hash=sha256:d081d828e576d85f875399194281e92bf8a68d60d72d1a2faf2feddb6c46b276
    # via -r requirements-dev.txt
pytokens==0.4.1 \
    --hash=sha256:0fc71786e629cef478cbf29d7ea1923299181d0699dbe7c3c0f4a583811d9fc1 \
    --hash=sha256:11edda0942da80ff58c4408407616a310adecae1ddd22eef8c692fe266fa5009 \
    --hash=sha256:140709331e846b728475786df8aeb27d24f48cbcf7bcd449f8de75cae7a45083 \
    --hash=sha256:24afde1f53d95348b5a0eb19488661147285ca4dd7ed752bbc3e1c6242a304d1 \
    --hash=sha256:26cef14744a8385f35d0e095dc8b3a7583f6c953c2e3d269c7f82484bf5ad2de \
    --hash=sha256:27b83ad28825978742beef057bfe406ad6ed524b2d28c252c5de7b4a6dd48fa2 \
    --hash=sha256:292052fe80923aae2260c073f822ceba21f3872ced9a68bb7953b348e561179a \
    --hash=sha256:29d1d8fb1030af4d231789959f21821ab6325e463f0503a61d204343c9b355d1 \
    --hash=sha256:2a44ed93ea23415c54f3face3b65ef2b844d96aeb3455b8a69b3df6beab6acc5 \
    --hash=sha256:30f51edd9bb7f85c748979384165601d028b84f7bd13fe14d3e065304093916a \
    --hash=sha256:34bcc734bd2f2d5fe3b34e7b3c0116bfb2397f2d9666139988e7a3eb5f7400e3 \
    --hash=sha256:3ad72b851e781478366288743198101e5eb34a414f1d5627cdd585ca3b25f1db \
    --hash=sha256:3f901fe783e06e48e8cbdc82d631fca8f118333798193e026a50ce1b3757ea68 \
    --hash=sha256:42f144f3aafa5d92bad964d471a581651e28b24434d184871bd02e3a0d956037 \
    --hash=sha256:4a14d5f5fc78ce85e426aa159489e2d5961acf0e47575e08f35584009178e321 \
    --hash=sha256:4a58d057208cb9075c144950d789511220b07636dd2e4708d5645d24de666bdc \
    --hash=sha256:4e691d7f5186bd2842c14813f79f8884bb03f5995f0575272009982c5ac6c0f7 \
    --hash=sha256:5502408cab1cb18e128570f8d598981c68a50d0cbd7c61312a90507cd3a1276f \
    --hash=sha256:584c80c24b078eec1e227079d56dc22ff755e0ba8654d8383b2c549107528918 \
    --hash=sha256:5ad948d085ed6c16413eb5fec6b3e02fa00dc29a2534f088d3302c47eb59adf9 \
    --hash=sha256:670d286910b531c7b7e3c0b453fd8156f250adb140146d234a82219459b9640c \
    --hash=sha256:682fa37ff4d8e95f7df6fe6fe6a431e8ed8e788023c6bcc0f0880a12eab80ad1 \
    --hash=sha256:6d6c4268598f762bc8e91f5dbf2ab2f61f7b95bdc07953b602db879b3c8c18e1 \
    --hash=sha256:79fc6b8699564e1f9b521582c35435f1bd32dd06822322ec44afdeba666d8cb3 \
    --hash=sha256:8bdb9d0ce90cbf99c525e75a2fa415144fd570a1ba987380190e8b786bc6ef9b \
    --hash=sha256:8fcb9ba3709ff77e77f1c7022ff11d13553f3c30299a9fe246a166903e9091eb \
    --hash=sha256:941d4343bf27b605e9213b26bfa1c4bf197c9c599a9627eb7305b0defcfe40c1 \
    --hash=sha256:967cf6e3fd4adf7de8fc73cd3043754ae79c36475c1c11d514fc72cf5490094a \
    --hash=sha256:970b08dd6b86058b6dc07efe9e98414f5102974716232d10f32ff39701e841c4 \
    --hash=sha256:97f50fd18543be72da51dd505e2ed20d2228c74e0464e4262e4899797803d7fa \
    --hash=sha256:9bd7d7f544d362576be74f9d5901a22f317efc20046efe2034dced238cbbfe78 \
    --hash=sha256:add8bf86b71a5d9fb5b89f023a80b791e04fba57960aa790cc6125f7f1d39dfe \
    --hash=sha256:b35d7e5ad269804f6697727702da3c517bb8a5228afa450ab0fa787732055fc9 \
    --hash=sha256:b49750419d300e2b5a3813cf229d4e5a4c728dae470bcc89867a9ad6f25a722d \
    --hash=sha256:d31b97b3de0f61571a124a00ffe9a81fb9939146c122c11060725bd5aea79975 \
    --hash=sha256:d70e77c55ae8380c91c0c18dea05951482e263982911fc7410b1ffd1dadd3440 \
    --hash=sha256:d9907d61f15bf7261d7e775bd5d7ee4d2930e04424bab1972591918497623a16 \
    --hash=sha256:da5baeaf7116dced9c6bb76dc31ba04a2dc3695f3d9f74741d7910122b456edc \
    --hash=sha256:dc74c035f9bfca0255c1af77ddd2d6ae8419012805453e4b0e7513e17904545d \
    --hash=sha256:dcafc12c30dbaf1e2af0490978352e0c4041a7cde31f4f81435c2a5e8b9cabb6 \
    --hash=sha256:ee44d0f85b803321710f9239f335aafe16553b39106384cef8e6de40cb4ef2f6 \
    --hash=sha256:f66a6bbe741bd431f6d741e617e0f39ec7257ca1f89089593479347cc4d13324
    # via black
ruff==0.7.4 \
    --hash=sha256:00b4cf3a6b5fad6d1a66e7574d78956bbd09abfd6c8a997798f01f5da3d46a05 \
    --hash=sha256:0d06218747d361d06fd2fdac734e7fa92df36df93035db3dc2ad7aa9852cb109 \
    --hash=sha256:0e92dfb5f00eaedb1501b2f906ccabfd67b2355bdf117fea9719fc99ac2145bc \
    --hash=sha256:11bff065102c3ae9d3ea4dc9ecdfe5a5171349cdd0787c1fc64761212fc9cf1f \
    --hash=sha256:2e32829c429dd081ee5ba39aef436603e5b22335c3d3fff013cd585806a6486a \
    --hash=sha256:3bd726099f277d735dc38900b6a8d6cf070f80828877941983a57bca1cd92172 \
    --hash=sha256:63a569b36bc66fbadec5beaa539dd81e0527cb258b94e29e0531ce41bacc1f20 \
    --hash=sha256:662a63b4971807623f6f90c1fb664613f67cc182dc4d991471c23c541fee62dd \
    --hash=sha256:745775c7b39f914238ed1f1b0bebed0b9155a17cd8bc0b08d3c87e4703b990d6 \
    --hash=sha256:75c53f54904be42dd52a548728a5b572344b50d9b2873d13a3f8c5e3b91f5cac \
    --hash=sha256:7dbdc7d8274e1422722933d1edddfdc65b4336abf0b16dfcb9dedd6e6a517d06 \
    --hash=sha256:80094ecd4793c68b2571b128f91754d60f692d64bc0d7272ec9197fdd09bf9ea \
    --hash=sha256:876f5e09eaae3eb76814c1d3b68879891d6fde4824c015d48e7a7da4cf066a3a \
    --hash=sha256:997512325c6620d1c4c2b15db49ef59543ef9cd0f4aa8065ec2ae5103cedc7e7 \
    --hash=sha256:a4919925e7684a3f18e18243cd6bea7cfb8e968a6eaa8437971f681b7ec51478 \
    --hash=sha256:cd12e35031f5af6b9b93715d8c4f40360070b2041f81273d0527683d5708fce2 \
    --hash=sha256:cfb365c135b830778dda8c04fb7d4280ed0b984e1aec27f574445231e20d6c63 \
    --hash=sha256:e0cea28d0944f74ebc33e9f934238f15c758841f9f5edd180b5315c203293452
    # via -r requirements-dev.txt
sniffio==1.3.1 \
    --hash=sha256:2f6da418d1f1e0fddd844478f41680e794e6051915791a034ff65e5f100525a2 \
    --hash=sha256:f4324edc670a0f49750a81b895f35c3adb843cca46f0530f79fc1babb23789dc
    # via httpx
